
Microsoft Visual Studio Solution File, Format Version 12.00
# Visual Studio Version 17
VisualStudioVersion = 17.13.35931.197 d17.13
MinimumVisualStudioVersion = 10.0.40219.1
Project("{8BC9CEB8-8B4A-11D0-8D11-00A0C91BC942}") = "cgceub - trabalho 01", "cgceub - trabalho 01\cgceub - trabalho 01.vcxproj", "{26038CC7-C82C-4090-91D9-EE6C402559DE}"
EndProject
Global
	GlobalSection(SolutionConfigurationPlatforms) = preSolution
		Debug|x64 = Debug|x64
		Debug|x86 = Debug|x86
		Release|x64 = Release|x64
		Release|x86 = Release|x86
	EndGlobalSection
	GlobalSection(ProjectConfigurationPlatforms) = postSolution
		{26038CC7-C82C-4090-91D9-EE6C402559DE}.Debug|x64.ActiveCfg = Debug|x64
		{26038CC7-C82C-4090-91D9-EE6C402559DE}.Debug|x64.Build.0 = Debug|x64
		{26038CC7-C82C-4090-91D9-EE6C402559DE}.Debug|x86.ActiveCfg = Debug|Win32
		{26038CC7-C82C-4090-91D9-EE6C402559DE}.Debug|x86.Build.0 = Debug|Win32
		{26038CC7-C82C-4090-91D9-EE6C402559DE}.Release|x64.ActiveCfg = Release|x64
		{26038CC7-C82C-4090-91D9-EE6C402559DE}.Release|x64.Build.0 = Release|x64
		{26038CC7-C82C-4090-91D9-EE6C402559DE}.Release|x86.ActiveCfg = Release|Win32
		{26038CC7-C82C-4090-91D9-EE6C402559DE}.Release|x86.Build.0 = Release|Win32
	EndGlobalSection
	GlobalSection(SolutionProperties) = preSolution
		HideSolutionNode = FALSE
	EndGlobalSection
	GlobalSection(ExtensibilityGlobals) = postSolution
		SolutionGuid = {1670880F-A055-4918-B37A-B024A07A2B4F}
	EndGlobalSection
EndGlobal
